
Microsoft Visual Studio Solution File, Format Version 12.00
# Visual Studio 15
VisualStudioVersion = 15.0.28307.168
MinimumVisualStudioVersion = 10.0.40219.1
Project("{FAE04EC0-301F-11D3-BF4B-00C04F79EFBC}") = "Task 2.3", "Task 2.3\Task 2.3.csproj", "{1DE02D66-FF54-493A-9B32-2D0305FC674E}"
EndProject
Global
	GlobalSection(SolutionConfigurationPlatforms) = preSolution
		Debug|Any CPU = Debug|Any CPU
		Release|Any CPU = Release|Any CPU
	EndGlobalSection
	GlobalSection(ProjectConfigurationPlatforms) = postSolution
		{1DE02D66-FF54-493A-9B32-2D0305FC674E}.Debug|Any CPU.ActiveCfg = Debug|Any CPU
		{1DE02D66-FF54-493A-9B32-2D0305FC674E}.Debug|Any CPU.Build.0 = Debug|Any CPU
		{1DE02D66-FF54-493A-9B32-2D0305FC674E}.Release|Any CPU.ActiveCfg = Release|Any CPU
		{1DE02D66-FF54-493A-9B32-2D0305FC674E}.Release|Any CPU.Build.0 = Release|Any CPU
	EndGlobalSection
	GlobalSection(SolutionProperties) = preSolution
		HideSolutionNode = FALSE
	EndGlobalSection
	GlobalSection(ExtensibilityGlobals) = postSolution
		SolutionGuid = {006C880E-090A-40C9-9A52-5E0B8A5EE94F}
	EndGlobalSection
EndGlobal
